
Microsoft Visual Studio Solution File, Format Version 12.00
# Visual Studio Version 16
VisualStudioVersion = 16.0.30225.117
MinimumVisualStudioVersion = 10.0.40219.1
Project("{9A19103F-16F7-4668-BE54-9A1E7A4F7556}") = "MuPDFCore", "MuPDFCore\MuPDFCore.csproj", "{DDC11B5B-B946-4802-BE4E-7809CAFF0B90}"
EndProject
Project("{9A19103F-16F7-4668-BE54-9A1E7A4F7556}") = "Demo", "Demo\Demo.csproj", "{3B883195-B779-4F50-83DA-4B2917FE97A5}"
EndProject
Project("{9A19103F-16F7-4668-BE54-9A1E7A4F7556}") = "PDFViewerDemo", "PDFViewerDemo\PDFViewerDemo.csproj", "{8A462965-5FEE-4AF8-A102-2BD373173AC3}"
EndProject
Project("{9A19103F-16F7-4668-BE54-9A1E7A4F7556}") = "MuPDFCore.MuPDFRenderer", "MuPDFCore.MuPDFRenderer\MuPDFCore.MuPDFRenderer.csproj", "{C48C4EFE-4975-42F5-8C79-2AF37F1074E2}"
EndProject
Global
	GlobalSection(SolutionConfigurationPlatforms) = preSolution
		Debug|Any CPU = Debug|Any CPU
		Release|Any CPU = Release|Any CPU
	EndGlobalSection
	GlobalSection(ProjectConfigurationPlatforms) = postSolution
		{DDC11B5B-B946-4802-BE4E-7809CAFF0B90}.Debug|Any CPU.ActiveCfg = Debug|Any CPU
		{DDC11B5B-B946-4802-BE4E-7809CAFF0B90}.Debug|Any CPU.Build.0 = Debug|Any CPU
		{DDC11B5B-B946-4802-BE4E-7809CAFF0B90}.Release|Any CPU.ActiveCfg = Release|Any CPU
		{DDC11B5B-B946-4802-BE4E-7809CAFF0B90}.Release|Any CPU.Build.0 = Release|Any CPU
		{3B883195-B779-4F50-83DA-4B2917FE97A5}.Debug|Any CPU.ActiveCfg = Debug|Any CPU
		{3B883195-B779-4F50-83DA-4B2917FE97A5}.Debug|Any CPU.Build.0 = Debug|Any CPU
		{3B883195-B779-4F50-83DA-4B2917FE97A5}.Release|Any CPU.ActiveCfg = Release|Any CPU
		{3B883195-B779-4F50-83DA-4B2917FE97A5}.Release|Any CPU.Build.0 = Release|Any CPU
		{8A462965-5FEE-4AF8-A102-2BD373173AC3}.Debug|Any CPU.ActiveCfg = Debug|Any CPU
		{8A462965-5FEE-4AF8-A102-2BD373173AC3}.Debug|Any CPU.Build.0 = Debug|Any CPU
		{8A462965-5FEE-4AF8-A102-2BD373173AC3}.Release|Any CPU.ActiveCfg = Release|Any CPU
		{8A462965-5FEE-4AF8-A102-2BD373173AC3}.Release|Any CPU.Build.0 = Release|Any CPU
		{C48C4EFE-4975-42F5-8C79-2AF37F1074E2}.Debug|Any CPU.ActiveCfg = Debug|Any CPU
		{C48C4EFE-4975-42F5-8C79-2AF37F1074E2}.Debug|Any CPU.Build.0 = Debug|Any CPU
		{C48C4EFE-4975-42F5-8C79-2AF37F1074E2}.Release|Any CPU.ActiveCfg = Release|Any CPU
		{C48C4EFE-4975-42F5-8C79-2AF37F1074E2}.Release|Any CPU.Build.0 = Release|Any CPU
	EndGlobalSection
	GlobalSection(SolutionProperties) = preSolution
		HideSolutionNode = FALSE
	EndGlobalSection
	GlobalSection(ExtensibilityGlobals) = postSolution
		SolutionGuid = {200349E0-7C65-475E-8B90-9B3AD0958EA8}
	EndGlobalSection
EndGlobal
